
Microsoft Visual Studio Solution File, Format Version 12.00
# Visual Studio 15
VisualStudioVersion = 15.0.26430.14
MinimumVisualStudioVersion = 10.0.40219.1
Project("{9A19103F-16F7-4668-BE54-9A1E7A4F7556}") = "Beefeater", "Beefeater\Beefeater.csproj", "{B4800DC1-74C2-4106-9E6E-62D254279B20}"
EndProject
Project("{2150E333-8FDC-42A3-9474-1A3956D46DE8}") = "Solution Items", "Solution Items", "{6D82E0C3-9542-4AD9-BDDB-51CD3E2335F4}"
	ProjectSection(SolutionItems) = preProject
		..\.gitattributes = ..\.gitattributes
		..\.gitignore = ..\.gitignore
		..\.travis.yml = ..\.travis.yml
		..\appveyor.yml = ..\appveyor.yml
		..\Build.environment.ps1 = ..\Build.environment.ps1
		..\default.ps1 = ..\default.ps1
		..\README.md = ..\README.md
	EndProjectSection
EndProject
Project("{9A19103F-16F7-4668-BE54-9A1E7A4F7556}") = "Beefeater.Tests", "Beefeater.Tests\Beefeater.Tests.csproj", "{9DFAB918-D413-4470-9AF2-82059BA597F1}"
EndProject
Global
	GlobalSection(SolutionConfigurationPlatforms) = preSolution
		Debug|Any CPU = Debug|Any CPU
		Release|Any CPU = Release|Any CPU
	EndGlobalSection
	GlobalSection(ProjectConfigurationPlatforms) = postSolution
		{B4800DC1-74C2-4106-9E6E-62D254279B20}.Debug|Any CPU.ActiveCfg = Debug|Any CPU
		{B4800DC1-74C2-4106-9E6E-62D254279B20}.Debug|Any CPU.Build.0 = Debug|Any CPU
		{B4800DC1-74C2-4106-9E6E-62D254279B20}.Release|Any CPU.ActiveCfg = Release|Any CPU
		{B4800DC1-74C2-4106-9E6E-62D254279B20}.Release|Any CPU.Build.0 = Release|Any CPU
		{9DFAB918-D413-4470-9AF2-82059BA597F1}.Debug|Any CPU.ActiveCfg = Debug|Any CPU
		{9DFAB918-D413-4470-9AF2-82059BA597F1}.Debug|Any CPU.Build.0 = Debug|Any CPU
		{9DFAB918-D413-4470-9AF2-82059BA597F1}.Release|Any CPU.ActiveCfg = Release|Any CPU
		{9DFAB918-D413-4470-9AF2-82059BA597F1}.Release|Any CPU.Build.0 = Release|Any CPU
	EndGlobalSection
	GlobalSection(SolutionProperties) = preSolution
		HideSolutionNode = FALSE
	EndGlobalSection
EndGlobal
